// !$*UTF8*$!
{
	archiveVersion = 1;
	classes = {
	};
	objectVersion = 50;
	objects = {

/* Begin PBXBuildFile section */
		2B87FF2025BB433F00D08AF8 /* AppDelegate.swift in Sources */ = {isa = PBXBuildFile; fileRef = 2B87FF1F25BB433F00D08AF8 /* AppDelegate.swift */; };
		2B87FF2225BB433F00D08AF8 /* SceneDelegate.swift in Sources */ = {isa = PBXBuildFile; fileRef = 2B87FF2125BB433F00D08AF8 /* SceneDelegate.swift */; };
		2B87FF2425BB433F00D08AF8 /* ViewController.swift in Sources */ = {isa = PBXBuildFile; fileRef = 2B87FF2325BB433F00D08AF8 /* ViewController.swift */; };
		2B87FF2725BB433F00D08AF8 /* Main.storyboard in Resources */ = {isa = PBXBuildFile; fileRef = 2B87FF2525BB433F00D08AF8 /* Main.storyboard */; };
		2B87FF2925BB434300D08AF8 /* Assets.xcassets in Resources */ = {isa = PBXBuildFile; fileRef = 2B87FF2825BB434300D08AF8 /* Assets.xcassets */; };
		2B87FF2C25BB434300D08AF8 /* LaunchScreen.storyboard in Resources */ = {isa = PBXBuildFile; fileRef = 2B87FF2A25BB434300D08AF8 /* LaunchScreen.storyboard */; };
		2B87FF3725BB434300D08AF8 /* HomeWork3Tests.swift in Sources */ = {isa = PBXBuildFile; fileRef = 2B87FF3625BB434300D08AF8 /* HomeWork3Tests.swift */; };
		2B87FF4225BB434300D08AF8 /* HomeWork3UITests.swift in Sources */ = {isa = PBXBuildFile; fileRef = 2B87FF4125BB434300D08AF8 /* HomeWork3UITests.swift */; };
/* End PBXBuildFile section */

/* Begin PBXContainerItemProxy section */
		2B87FF3325BB434300D08AF8 /* PBXContainerItemProxy */ = {
			isa = PBXContainerItemProxy;
			containerPortal = 2B87FF1425BB433F00D08AF8 /* Project object */;
			proxyType = 1;
			remoteGlobalIDString = 2B87FF1B25BB433F00D08AF8;
			remoteInfo = HomeWork3;
		};
		2B87FF3E25BB434300D08AF8 /* PBXContainerItemProxy */ = {
			isa = PBXContainerItemProxy;
			containerPortal = 2B87FF1425BB433F00D08AF8 /* Project object */;
			proxyType = 1;
			remoteGlobalIDString = 2B87FF1B25BB433F00D08AF8;
			remoteInfo = HomeWork3;
		};
/* End PBXContainerItemProxy section */

/* Begin PBXFileReference section */
		2B87FF1C25BB433F00D08AF8 /* HomeWork3.app */ = {isa = PBXFileReference; explicitFileType = wrapper.application; includeInIndex = 0; path = HomeWork3.app; sourceTree = BUILT_PRODUCTS_DIR; };
		2B87FF1F25BB433F00D08AF8 /* AppDelegate.swift */ = {isa = PBXFileReference; lastKnownFileType = sourcecode.swift; path = AppDelegate.swift; sourceTree = "<group>"; };
		2B87FF2125BB433F00D08AF8 /* SceneDelegate.swift */ = {isa = PBXFileReference; lastKnownFileType = sourcecode.swift; path = SceneDelegate.swift; sourceTree = "<group>"; };
		2B87FF2325BB433F00D08AF8 /* ViewController.swift */ = {isa = PBXFileReference; lastKnownFileType = sourcecode.swift; path = ViewController.swift; sourceTree = "<group>"; };
		2B87FF2625BB433F00D08AF8 /* Base */ = {isa = PBXFileReference; lastKnownFileType = file.storyboard; name = Base; path = Base.lproj/Main.storyboard; sourceTree = "<group>"; };
		2B87FF2825BB434300D08AF8 /* Assets.xcassets */ = {isa = PBXFileReference; lastKnownFileType = folder.assetcatalog; path = Assets.xcassets; sourceTree = "<group>"; };
		2B87FF2B25BB434300D08AF8 /* Base */ = {isa = PBXFileReference; lastKnownFileType = file.storyboard; name = Base; path = Base.lproj/LaunchScreen.storyboard; sourceTree = "<group>"; };
		2B87FF2D25BB434300D08AF8 /* Info.plist */ = {isa = PBXFileReference; lastKnownFileType = text.plist.xml; path = Info.plist; sourceTree = "<group>"; };
		2B87FF3225BB434300D08AF8 /* HomeWork3Tests.xctest */ = {isa = PBXFileReference; explicitFileType = wrapper.cfbundle; includeInIndex = 0; path = HomeWork3Tests.xctest; sourceTree = BUILT_PRODUCTS_DIR; };
		2B87FF3625BB434300D08AF8 /* HomeWork3Tests.swift */ = {isa = PBXFileReference; lastKnownFileType = sourcecode.swift; path = HomeWork3Tests.swift; sourceTree = "<group>"; };
		2B87FF3825BB434300D08AF8 /* Info.plist */ = {isa = PBXFileReference; lastKnownFileType = text.plist.xml; path = Info.plist; sourceTree = "<group>"; };
		2B87FF3D25BB434300D08AF8 /* HomeWork3UITests.xctest */ = {isa = PBXFileReference; explicitFileType = wrapper.cfbundle; includeInIndex = 0; path = HomeWork3UITests.xctest; sourceTree = BUILT_PRODUCTS_DIR; };
		2B87FF4125BB434300D08AF8 /* HomeWork3UITests.swift */ = {isa = PBXFileReference; lastKnownFileType = sourcecode.swift; path = HomeWork3UITests.swift; sourceTree = "<group>"; };
		2B87FF4325BB434300D08AF8 /* Info.plist */ = {isa = PBXFileReference; lastKnownFileType = text.plist.xml; path = Info.plist; sourceTree = "<group>"; };
/* End PBXFileReference section */

/* Begin PBXFrameworksBuildPhase section */
		2B87FF1925BB433F00D08AF8 /* Frameworks */ = {
			isa = PBXFrameworksBuildPhase;
			buildActionMask = 2147483647;
			files = (
			);
			runOnlyForDeploymentPostprocessing = 0;
		};
		2B87FF2F25BB434300D08AF8 /* Frameworks */ = {
			isa = PBXFrameworksBuildPhase;
			buildActionMask = 2147483647;
			files = (
			);
			runOnlyForDeploymentPostprocessing = 0;
		};
		2B87FF3A25BB434300D08AF8 /* Frameworks */ = {
			isa = PBXFrameworksBuildPhase;
			buildActionMask = 2147483647;
			files = (
			);
			runOnlyForDeploymentPostprocessing = 0;
		};
/* End PBXFrameworksBuildPhase section */

/* Begin PBXGroup section */
		2B87FF1325BB433F00D08AF8 = {
			isa = PBXGroup;
			children = (
				2B87FF1E25BB433F00D08AF8 /* HomeWork3 */,
				2B87FF3525BB434300D08AF8 /* HomeWork3Tests */,
				2B87FF4025BB434300D08AF8 /* HomeWork3UITests */,
				2B87FF1D25BB433F00D08AF8 /* Products */,
			);
			sourceTree = "<group>";
		};
		2B87FF1D25BB433F00D08AF8 /* Products */ = {
			isa = PBXGroup;
			children = (
				2B87FF1C25BB433F00D08AF8 /* HomeWork3.app */,
				2B87FF3225BB434300D08AF8 /* HomeWork3Tests.xctest */,
				2B87FF3D25BB434300D08AF8 /* HomeWork3UITests.xctest */,
			);
			name = Products;
			sourceTree = "<group>";
		};
		2B87FF1E25BB433F00D08AF8 /* HomeWork3 */ = {
			isa = PBXGroup;
			children = (
				2B87FF1F25BB433F00D08AF8 /* AppDelegate.swift */,
				2B87FF2125BB433F00D08AF8 /* SceneDelegate.swift */,
				2B87FF2325BB433F00D08AF8 /* ViewController.swift */,
				2B87FF2525BB433F00D08AF8 /* Main.storyboard */,
				2B87FF2825BB434300D08AF8 /* Assets.xcassets */,
				2B87FF2A25BB434300D08AF8 /* LaunchScreen.storyboard */,
				2B87FF2D25BB434300D08AF8 /* Info.plist */,
			);
			path = HomeWork3;
			sourceTree = "<group>";
		};
		2B87FF3525BB434300D08AF8 /* HomeWork3Tests */ = {
			isa = PBXGroup;
			children = (
				2B87FF3625BB434300D08AF8 /* HomeWork3Tests.swift */,
				2B87FF3825BB434300D08AF8 /* Info.plist */,
			);
			path = HomeWork3Tests;
			sourceTree = "<group>";
		};
		2B87FF4025BB434300D08AF8 /* HomeWork3UITests */ = {
			isa = PBXGroup;
			children = (
				2B87FF4125BB434300D08AF8 /* HomeWork3UITests.swift */,
				2B87FF4325BB434300D08AF8 /* Info.plist */,
			);
			path = HomeWork3UITests;
			sourceTree = "<group>";
		};
/* End PBXGroup section */

/* Begin PBXNativeTarget section */
		2B87FF1B25BB433F00D08AF8 /* HomeWork3 */ = {
			isa = PBXNativeTarget;
			buildConfigurationList = 2B87FF4625BB434300D08AF8 /* Build configuration list for PBXNativeTarget "HomeWork3" */;
			buildPhases = (
				2B87FF1825BB433F00D08AF8 /* Sources */,
				2B87FF1925BB433F00D08AF8 /* Frameworks */,
				2B87FF1A25BB433F00D08AF8 /* Resources */,
			);
			buildRules = (
			);
			dependencies = (
			);
			name = HomeWork3;
			productName = HomeWork3;
			productReference = 2B87FF1C25BB433F00D08AF8 /* HomeWork3.app */;
			productType = "com.apple.product-type.application";
		};
		2B87FF3125BB434300D08AF8 /* HomeWork3Tests */ = {
			isa = PBXNativeTarget;
			buildConfigurationList = 2B87FF4925BB434300D08AF8 /* Build configuration list for PBXNativeTarget "HomeWork3Tests" */;
			buildPhases = (
				2B87FF2E25BB434300D08AF8 /* Sources */,
				2B87FF2F25BB434300D08AF8 /* Frameworks */,
				2B87FF3025BB434300D08AF8 /* Resources */,
			);
			buildRules = (
			);
			dependencies = (
				2B87FF3425BB434300D08AF8 /* PBXTargetDependency */,
			);
			name = HomeWork3Tests;
			productName = HomeWork3Tests;
			productReference = 2B87FF3225BB434300D08AF8 /* HomeWork3Tests.xctest */;
			productType = "com.apple.product-type.bundle.unit-test";
		};
		2B87FF3C25BB434300D08AF8 /* HomeWork3UITests */ = {
			isa = PBXNativeTarget;
			buildConfigurationList = 2B87FF4C25BB434300D08AF8 /* Build configuration list for PBXNativeTarget "HomeWork3UITests" */;
			buildPhases = (
				2B87FF3925BB434300D08AF8 /* Sources */,
				2B87FF3A25BB434300D08AF8 /* Frameworks */,
				2B87FF3B25BB434300D08AF8 /* Resources */,
			);
			buildRules = (
			);
			dependencies = (
				2B87FF3F25BB434300D08AF8 /* PBXTargetDependency */,
			);
			name = HomeWork3UITests;
			productName = HomeWork3UITests;
			productReference = 2B87FF3D25BB434300D08AF8 /* HomeWork3UITests.xctest */;
			productType = "com.apple.product-type.bundle.ui-testing";
		};
/* End PBXNativeTarget section */

/* Begin PBXProject section */
		2B87FF1425BB433F00D08AF8 /* Project object */ = {
			isa = PBXProject;
			attributes = {
				LastSwiftUpdateCheck = 1230;
				LastUpgradeCheck = 1230;
				TargetAttributes = {
					2B87FF1B25BB433F00D08AF8 = {
						CreatedOnToolsVersion = 12.3;
					};
					2B87FF3125BB434300D08AF8 = {
						CreatedOnToolsVersion = 12.3;
						TestTargetID = 2B87FF1B25BB433F00D08AF8;
					};
					2B87FF3C25BB434300D08AF8 = {
						CreatedOnToolsVersion = 12.3;
						TestTargetID = 2B87FF1B25BB433F00D08AF8;
					};
				};
			};
			buildConfigurationList = 2B87FF1725BB433F00D08AF8 /* Build configuration list for PBXProject "Counter" */;
			compatibilityVersion = "Xcode 9.3";
			developmentRegion = en;
			hasScannedForEncodings = 0;
			knownRegions = (
				en,
				Base,
			);
			mainGroup = 2B87FF1325BB433F00D08AF8;
			productRefGroup = 2B87FF1D25BB433F00D08AF8 /* Products */;
			projectDirPath = "";
			projectRoot = "";
			targets = (
				2B87FF1B25BB433F00D08AF8 /* HomeWork3 */,
				2B87FF3125BB434300D08AF8 /* HomeWork3Tests */,
				2B87FF3C25BB434300D08AF8 /* HomeWork3UITests */,
			);
		};
/* End PBXProject section */

/* Begin PBXResourcesBuildPhase section */
		2B87FF1A25BB433F00D08AF8 /* Resources */ = {
			isa = PBXResourcesBuildPhase;
			buildActionMask = 2147483647;
			files = (
				2B87FF2C25BB434300D08AF8 /* LaunchScreen.storyboard in Resources */,
				2B87FF2925BB434300D08AF8 /* Assets.xcassets in Resources */,
				2B87FF2725BB433F00D08AF8 /* Main.storyboard in Resources */,
			);
			runOnlyForDeploymentPostprocessing = 0;
		};
		2B87FF3025BB434300D08AF8 /* Resources */ = {
			isa = PBXResourcesBuildPhase;
			buildActionMask = 2147483647;
			files = (
			);
			runOnlyForDeploymentPostprocessing = 0;
		};
		2B87FF3B25BB434300D08AF8 /* Resources */ = {
			isa = PBXResourcesBuildPhase;
			buildActionMask = 2147483647;
			files = (
			);
			runOnlyForDeploymentPostprocessing = 0;
		};
/* End PBXResourcesBuildPhase section */

/* Begin PBXSourcesBuildPhase section */
		2B87FF1825BB433F00D08AF8 /* Sources */ = {
			isa = PBXSourcesBuildPhase;
			buildActionMask = 2147483647;
			files = (
				2B87FF2425BB433F00D08AF8 /* ViewController.swift in Sources */,
				2B87FF2025BB433F00D08AF8 /* AppDelegate.swift in Sources */,
				2B87FF2225BB433F00D08AF8 /* SceneDelegate.swift in Sources */,
			);
			runOnlyForDeploymentPostprocessing = 0;
		};
		2B87FF2E25BB434300D08AF8 /* Sources */ = {
			isa = PBXSourcesBuildPhase;
			buildActionMask = 2147483647;
			files = (
				2B87FF3725BB434300D08AF8 /* HomeWork3Tests.swift in Sources */,
			);
			runOnlyForDeploymentPostprocessing = 0;
		};
		2B87FF3925BB434300D08AF8 /* Sources */ = {
			isa = PBXSourcesBuildPhase;
			buildActionMask = 2147483647;
			files = (
				2B87FF4225BB434300D08AF8 /* HomeWork3UITests.swift in Sources */,
			);
			runOnlyForDeploymentPostprocessing = 0;
		};
/* End PBXSourcesBuildPhase section */

/* Begin PBXTargetDependency section */
		2B87FF3425BB434300D08AF8 /* PBXTargetDependency */ = {
			isa = PBXTargetDependency;
			target = 2B87FF1B25BB433F00D08AF8 /* HomeWork3 */;
			targetProxy = 2B87FF3325BB434300D08AF8 /* PBXContainerItemProxy */;
		};
		2B87FF3F25BB434300D08AF8 /* PBXTargetDependency */ = {
			isa = PBXTargetDependency;
			target = 2B87FF1B25BB433F00D08AF8 /* HomeWork3 */;
			targetProxy = 2B87FF3E25BB434300D08AF8 /* PBXContainerItemProxy */;
		};
/* End PBXTargetDependency section */

/* Begin PBXVariantGroup section */
		2B87FF2525BB433F00D08AF8 /* Main.storyboard */ = {
			isa = PBXVariantGroup;
			children = (
				2B87FF2625BB433F00D08AF8 /* Base */,
			);
			name = Main.storyboard;
			sourceTree = "<group>";
		};
		2B87FF2A25BB434300D08AF8 /* LaunchScreen.storyboard */ = {
			isa = PBXVariantGroup;
			children = (
				2B87FF2B25BB434300D08AF8 /* Base */,
			);
			name = LaunchScreen.storyboard;
			sourceTree = "<group>";
		};
/* End PBXVariantGroup section */

/* Begin XCBuildConfiguration section */
		2B87FF4425BB434300D08AF8 /* Debug */ = {
			isa = XCBuildConfiguration;
			buildSettings = {
				ALWAYS_SEARCH_USER_PATHS = NO;
				CLANG_ANALYZER_NONNULL = YES;
				CLANG_ANALYZER_NUMBER_OBJECT_CONVERSION = YES_AGGRESSIVE;
				CLANG_CXX_LANGUAGE_STANDARD = "gnu++14";
				CLANG_CXX_LIBRARY = "libc++";
				CLANG_ENABLE_MODULES = YES;
				CLANG_ENABLE_OBJC_ARC = YES;
				CLANG_ENABLE_OBJC_WEAK = YES;
				CLANG_WARN_BLOCK_CAPTURE_AUTORELEASING = YES;
				CLANG_WARN_BOOL_CONVERSION = YES;
				CLANG_WARN_COMMA = YES;
				CLANG_WARN_CONSTANT_CONVERSION = YES;
				CLANG_WARN_DEPRECATED_OBJC_IMPLEMENTATIONS = YES;
				CLANG_WARN_DIRECT_OBJC_ISA_USAGE = YES_ERROR;
				CLANG_WARN_DOCUMENTATION_COMMENTS = YES;
				CLANG_WARN_EMPTY_BODY = YES;
				CLANG_WARN_ENUM_CONVERSION = YES;
				CLANG_WARN_INFINITE_RECURSION = YES;
				CLANG_WARN_INT_CONVERSION = YES;
				CLANG_WARN_NON_LITERAL_NULL_CONVERSION = YES;
				CLANG_WARN_OBJC_IMPLICIT_RETAIN_SELF = YES;
				CLANG_WARN_OBJC_LITERAL_CONVERSION = YES;
				CLANG_WARN_OBJC_ROOT_CLASS = YES_ERROR;
				CLANG_WARN_QUOTED_INCLUDE_IN_FRAMEWORK_HEADER = YES;
				CLANG_WARN_RANGE_LOOP_ANALYSIS = YES;
				CLANG_WARN_STRICT_PROTOTYPES = YES;
				CLANG_WARN_SUSPICIOUS_MOVE = YES;
				CLANG_WARN_UNGUARDED_AVAILABILITY = YES_AGGRESSIVE;
				CLANG_WARN_UNREACHABLE_CODE = YES;
				CLANG_WARN__DUPLICATE_METHOD_MATCH = YES;
				COPY_PHASE_STRIP = NO;
				DEBUG_INFORMATION_FORMAT = dwarf;
				ENABLE_STRICT_OBJC_MSGSEND = YES;
				ENABLE_TESTABILITY = YES;
				GCC_C_LANGUAGE_STANDARD = gnu11;
				GCC_DYNAMIC_NO_PIC = NO;
				GCC_NO_COMMON_BLOCKS = YES;
				GCC_OPTIMIZATION_LEVEL = 0;
				GCC_PREPROCESSOR_DEFINITIONS = (
					"DEBUG=1",
					"$(inherited)",
				);
				GCC_WARN_64_TO_32_BIT_CONVERSION = YES;
				GCC_WARN_ABOUT_RETURN_TYPE = YES_ERROR;
				GCC_WARN_UNDECLARED_SELECTOR = YES;
				GCC_WARN_UNINITIALIZED_AUTOS = YES_AGGRESSIVE;
				GCC_WARN_UNUSED_FUNCTION = YES;
				GCC_WARN_UNUSED_VARIABLE = YES;
				IPHONEOS_DEPLOYMENT_TARGET = 14.3;
				MTL_ENABLE_DEBUG_INFO = INCLUDE_SOURCE;
				MTL_FAST_MATH = YES;
				ONLY_ACTIVE_ARCH = YES;
				SDKROOT = iphoneos;
				SWIFT_ACTIVE_COMPILATION_CONDITIONS = DEBUG;
				SWIFT_OPTIMIZATION_LEVEL = "-Onone";
			};
			name = Debug;
		};
		2B87FF4525BB434300D08AF8 /* Release */ = {
			isa = XCBuildConfiguration;
			buildSettings = {
				ALWAYS_SEARCH_USER_PATHS = NO;
				CLANG_ANALYZER_NONNULL = YES;
				CLANG_ANALYZER_NUMBER_OBJECT_CONVERSION = YES_AGGRESSIVE;
				CLANG_CXX_LANGUAGE_STANDARD = "gnu++14";
				CLANG_CXX_LIBRARY = "libc++";
				CLANG_ENABLE_MODULES = YES;
				CLANG_ENABLE_OBJC_ARC = YES;
				CLANG_ENABLE_OBJC_WEAK = YES;
				CLANG_WARN_BLOCK_CAPTURE_AUTORELEASING = YES;
				CLANG_WARN_BOOL_CONVERSION = YES;
				CLANG_WARN_COMMA = YES;
				CLANG_WARN_CONSTANT_CONVERSION = YES;
				CLANG_WARN_DEPRECATED_OBJC_IMPLEMENTATIONS = YES;
				CLANG_WARN_DIRECT_OBJC_ISA_USAGE = YES_ERROR;
				CLANG_WARN_DOCUMENTATION_COMMENTS = YES;
				CLANG_WARN_EMPTY_BODY = YES;
				CLANG_WARN_ENUM_CONVERSION = YES;
				CLANG_WARN_INFINITE_RECURSION = YES;
				CLANG_WARN_INT_CONVERSION = YES;
				CLANG_WARN_NON_LITERAL_NULL_CONVERSION = YES;
				CLANG_WARN_OBJC_IMPLICIT_RETAIN_SELF = YES;
				CLANG_WARN_OBJC_LITERAL_CONVERSION = YES;
				CLANG_WARN_OBJC_ROOT_CLASS = YES_ERROR;
				CLANG_WARN_QUOTED_INCLUDE_IN_FRAMEWORK_HEADER = YES;
				CLANG_WARN_RANGE_LOOP_ANALYSIS = YES;
				CLANG_WARN_STRICT_PROTOTYPES = YES;
				CLANG_WARN_SUSPICIOUS_MOVE = YES;
				CLANG_WARN_UNGUARDED_AVAILABILITY = YES_AGGRESSIVE;
				CLANG_WARN_UNREACHABLE_CODE = YES;
				CLANG_WARN__DUPLICATE_METHOD_MATCH = YES;
				COPY_PHASE_STRIP = NO;
				DEBUG_INFORMATION_FORMAT = "dwarf-with-dsym";
				ENABLE_NS_ASSERTIONS = NO;
				ENABLE_STRICT_OBJC_MSGSEND = YES;
				GCC_C_LANGUAGE_STANDARD = gnu11;
				GCC_NO_COMMON_BLOCKS = YES;
				GCC_WARN_64_TO_32_BIT_CONVERSION = YES;
				GCC_WARN_ABOUT_RETURN_TYPE = YES_ERROR;
				GCC_WARN_UNDECLARED_SELECTOR = YES;
				GCC_WARN_UNINITIALIZED_AUTOS = YES_AGGRESSIVE;
				GCC_WARN_UNUSED_FUNCTION = YES;
				GCC_WARN_UNUSED_VARIABLE = YES;
				IPHONEOS_DEPLOYMENT_TARGET = 14.3;
				MTL_ENABLE_DEBUG_INFO = NO;
				MTL_FAST_MATH = YES;
				SDKROOT = iphoneos;
				SWIFT_COMPILATION_MODE = wholemodule;
				SWIFT_OPTIMIZATION_LEVEL = "-O";
				VALIDATE_PRODUCT = YES;
			};
			name = Release;
		};
		2B87FF4725BB434300D08AF8 /* Debug */ = {
			isa = XCBuildConfiguration;
			buildSettings = {
				ASSETCATALOG_COMPILER_APPICON_NAME = AppIcon;
				ASSETCATALOG_COMPILER_GLOBAL_ACCENT_COLOR_NAME = AccentColor;
				CODE_SIGN_STYLE = Automatic;
				DEVELOPMENT_TEAM = RB3BCBLCA6;
				INFOPLIST_FILE = HomeWork3/Info.plist;
				LD_RUNPATH_SEARCH_PATHS = (
					"$(inherited)",
					"@executable_path/Frameworks",
				);
				PRODUCT_BUNDLE_IDENTIFIER = "Fil-s.HomeWork3";
				PRODUCT_NAME = "$(TARGET_NAME)";
				SWIFT_VERSION = 5.0;
				TARGETED_DEVICE_FAMILY = "1,2";
			};
			name = Debug;
		};
		2B87FF4825BB434300D08AF8 /* Release */ = {
			isa = XCBuildConfiguration;
			buildSettings = {
				ASSETCATALOG_COMPILER_APPICON_NAME = AppIcon;
				ASSETCATALOG_COMPILER_GLOBAL_ACCENT_COLOR_NAME = AccentColor;
				CODE_SIGN_STYLE = Automatic;
				DEVELOPMENT_TEAM = RB3BCBLCA6;
				INFOPLIST_FILE = HomeWork3/Info.plist;
				LD_RUNPATH_SEARCH_PATHS = (
					"$(inherited)",
					"@executable_path/Frameworks",
				);
				PRODUCT_BUNDLE_IDENTIFIER = "Fil-s.HomeWork3";
				PRODUCT_NAME = "$(TARGET_NAME)";
				SWIFT_VERSION = 5.0;
				TARGETED_DEVICE_FAMILY = "1,2";
			};
			name = Release;
		};
		2B87FF4A25BB434300D08AF8 /* Debug */ = {
			isa = XCBuildConfiguration;
			buildSettings = {
				ALWAYS_EMBED_SWIFT_STANDARD_LIBRARIES = YES;
				BUNDLE_LOADER = "$(TEST_HOST)";
				CODE_SIGN_STYLE = Automatic;
				DEVELOPMENT_TEAM = RB3BCBLCA6;
				INFOPLIST_FILE = HomeWork3Tests/Info.plist;
				IPHONEOS_DEPLOYMENT_TARGET = 14.3;
				LD_RUNPATH_SEARCH_PATHS = (
					"$(inherited)",
					"@executable_path/Frameworks",
					"@loader_path/Frameworks",
				);
				PRODUCT_BUNDLE_IDENTIFIER = "Fil-s.HomeWork3Tests";
				PRODUCT_NAME = "$(TARGET_NAME)";
				SWIFT_VERSION = 5.0;
				TARGETED_DEVICE_FAMILY = "1,2";
				TEST_HOST = "$(BUILT_PRODUCTS_DIR)/HomeWork3.app/HomeWork3";
			};
			name = Debug;
		};
		2B87FF4B25BB434300D08AF8 /* Release */ = {
			isa = XCBuildConfiguration;
			buildSettings = {
				ALWAYS_EMBED_SWIFT_STANDARD_LIBRARIES = YES;
				BUNDLE_LOADER = "$(TEST_HOST)";
				CODE_SIGN_STYLE = Automatic;
				DEVELOPMENT_TEAM = RB3BCBLCA6;
				INFOPLIST_FILE = HomeWork3Tests/Info.plist;
				IPHONEOS_DEPLOYMENT_TARGET = 14.3;
				LD_RUNPATH_SEARCH_PATHS = (
					"$(inherited)",
					"@executable_path/Frameworks",
					"@loader_path/Frameworks",
				);
				PRODUCT_BUNDLE_IDENTIFIER = "Fil-s.HomeWork3Tests";
				PRODUCT_NAME = "$(TARGET_NAME)";
				SWIFT_VERSION = 5.0;
				TARGETED_DEVICE_FAMILY = "1,2";
				TEST_HOST = "$(BUILT_PRODUCTS_DIR)/HomeWork3.app/HomeWork3";
			};
			name = Release;
		};
		2B87FF4D25BB434300D08AF8 /* Debug */ = {
			isa = XCBuildConfiguration;
			buildSettings = {
				ALWAYS_EMBED_SWIFT_STANDARD_LIBRARIES = YES;
				CODE_SIGN_STYLE = Automatic;
				DEVELOPMENT_TEAM = RB3BCBLCA6;
				INFOPLIST_FILE = HomeWork3UITests/Info.plist;
				LD_RUNPATH_SEARCH_PATHS = (
					"$(inherited)",
					"@executable_path/Frameworks",
					"@loader_path/Frameworks",
				);
				PRODUCT_BUNDLE_IDENTIFIER = "Fil-s.HomeWork3UITests";
				PRODUCT_NAME = "$(TARGET_NAME)";
				SWIFT_VERSION = 5.0;
				TARGETED_DEVICE_FAMILY = "1,2";
				TEST_TARGET_NAME = HomeWork3;
			};
			name = Debug;
		};
		2B87FF4E25BB434300D08AF8 /* Release */ = {
			isa = XCBuildConfiguration;
			buildSettings = {
				ALWAYS_EMBED_SWIFT_STANDARD_LIBRARIES = YES;
				CODE_SIGN_STYLE = Automatic;
				DEVELOPMENT_TEAM = RB3BCBLCA6;
				INFOPLIST_FILE = HomeWork3UITests/Info.plist;
				LD_RUNPATH_SEARCH_PATHS = (
					"$(inherited)",
					"@executable_path/Frameworks",
					"@loader_path/Frameworks",
				);
				PRODUCT_BUNDLE_IDENTIFIER = "Fil-s.HomeWork3UITests";
				PRODUCT_NAME = "$(TARGET_NAME)";
				SWIFT_VERSION = 5.0;
				TARGETED_DEVICE_FAMILY = "1,2";
				TEST_TARGET_NAME = HomeWork3;
			};
			name = Release;
		};
/* End XCBuildConfiguration section */

/* Begin XCConfigurationList section */
		2B87FF1725BB433F00D08AF8 /* Build configuration list for PBXProject "Counter" */ = {
			isa = XCConfigurationList;
			buildConfigurations = (
				2B87FF4425BB434300D08AF8 /* Debug */,
				2B87FF4525BB434300D08AF8 /* Release */,
			);
			defaultConfigurationIsVisible = 0;
			defaultConfigurationName = Release;
		};
		2B87FF4625BB434300D08AF8 /* Build configuration list for PBXNativeTarget "HomeWork3" */ = {
			isa = XCConfigurationList;
			buildConfigurations = (
				2B87FF4725BB434300D08AF8 /* Debug */,
				2B87FF4825BB434300D08AF8 /* Release */,
			);
			defaultConfigurationIsVisible = 0;
			defaultConfigurationName = Release;
		};
		2B87FF4925BB434300D08AF8 /* Build configuration list for PBXNativeTarget "HomeWork3Tests" */ = {
			isa = XCConfigurationList;
			buildConfigurations = (
				2B87FF4A25BB434300D08AF8 /* Debug */,
				2B87FF4B25BB434300D08AF8 /* Release */,
			);
			defaultConfigurationIsVisible = 0;
			defaultConfigurationName = Release;
		};
		2B87FF4C25BB434300D08AF8 /* Build configuration list for PBXNativeTarget "HomeWork3UITests" */ = {
			isa = XCConfigurationList;
			buildConfigurations = (
				2B87FF4D25BB434300D08AF8 /* Debug */,
				2B87FF4E25BB434300D08AF8 /* Release */,
			);
			defaultConfigurationIsVisible = 0;
			defaultConfigurationName = Release;
		};
/* End XCConfigurationList section */
	};
	rootObject = 2B87FF1425BB433F00D08AF8 /* Project object */;
}
